
Microsoft Visual Studio Solution File, Format Version 12.00
# Visual Studio Version 16
VisualStudioVersion = 16.0.30711.63
MinimumVisualStudioVersion = 10.0.40219.1
Project("{FAE04EC0-301F-11D3-BF4B-00C04F79EFBC}") = "RobotField", "RobotField\RobotField.csproj", "{E9C68459-CF67-4B0D-A871-B8A349AC29A0}"
EndProject
Project("{FAE04EC0-301F-11D3-BF4B-00C04F79EFBC}") = "RobotField.UnitTests", "RobotField.UnitTests\RobotField.UnitTests.csproj", "{21ABC0E0-9645-4F94-8FEB-ABBF65D4091C}"
EndProject
Global
	GlobalSection(SolutionConfigurationPlatforms) = preSolution
		Debug|Any CPU = Debug|Any CPU
		Release|Any CPU = Release|Any CPU
	EndGlobalSection
	GlobalSection(ProjectConfigurationPlatforms) = postSolution
		{E9C68459-CF67-4B0D-A871-B8A349AC29A0}.Debug|Any CPU.ActiveCfg = Debug|Any CPU
		{E9C68459-CF67-4B0D-A871-B8A349AC29A0}.Debug|Any CPU.Build.0 = Debug|Any CPU
		{E9C68459-CF67-4B0D-A871-B8A349AC29A0}.Release|Any CPU.ActiveCfg = Release|Any CPU
		{E9C68459-CF67-4B0D-A871-B8A349AC29A0}.Release|Any CPU.Build.0 = Release|Any CPU
		{21ABC0E0-9645-4F94-8FEB-ABBF65D4091C}.Debug|Any CPU.ActiveCfg = Debug|Any CPU
		{21ABC0E0-9645-4F94-8FEB-ABBF65D4091C}.Debug|Any CPU.Build.0 = Debug|Any CPU
		{21ABC0E0-9645-4F94-8FEB-ABBF65D4091C}.Release|Any CPU.ActiveCfg = Release|Any CPU
		{21ABC0E0-9645-4F94-8FEB-ABBF65D4091C}.Release|Any CPU.Build.0 = Release|Any CPU
	EndGlobalSection
	GlobalSection(SolutionProperties) = preSolution
		HideSolutionNode = FALSE
	EndGlobalSection
	GlobalSection(ExtensibilityGlobals) = postSolution
		SolutionGuid = {1499164F-272E-4ACA-A024-0E8A13B4E678}
	EndGlobalSection
EndGlobal
